github.com/BurntSushi/toml v1.0.0/go.mod h1:CxXYINrC8qIiEnFrOxCa7Jy5BFHlXnUU2pbicEuybxQ=
github.com/BurntSushi/toml v1.2.1 h1:9F2/+DoOYIOksmaJFPw1tGFy1eDnIJXg+UHjuD8lTak=
github.com/BurntSushi/toml v1.2.1/go.mod h1:CxXYINrC8qIiEnFrOxCa7Jy5BFHlXnUU2pbicEuybxQ=
github.com/Tnze/go-mc v1.18.2 h1:75dTJ0dJNI4V/7iG7Ze1pWkDmE9D02OQe6RfEZV0FBE=
github.com/Tnze/go-mc v1.18.2/go.mod h1:DyB0mWjox4fSiOdShzh7yx4nzx7q6AXUKzlXnT+iCTo=
github.com/bwmarrin/discordgo v0.26.1 h1:AIrM+g3cl+iYBr4yBxCBp9tD9jR3K7upEjl0d89FRkE=
github.com/bwmarrin/discordgo v0.26.1/go.mod h1:NJZpH+1AfhIcyQsPeuBKsUtYrRnjkyu0kIVMCHkZtRY=
github.com/google/uuid v1.1.1 h1:Gkbcsh/GbpXz7lPftLA3P6TYMwjCLYm83jiFQZF/3gY=
github.com/google/uuid v1.1.1/go.mod h1:TIyPZe4MgqvfeYDBFedMoGGpEw/LqOeaOT+nhxU+yHo=
github.com/gorilla/websocket v1.4.2/go.mod h1:YR8l580nyteQvAITg2hZ9XVh4b55+EU/adAjf1fMHhE=
github.com/gorilla/websocket v1.5.0 h1:PPwGk2jz7EePpoHN/+ClbZu8SPxiqlu12wZP/3sWmnc=
github.com/gorilla/websocket v1.5.0/go.mod h1:YR8l580nyteQvAITg2hZ9XVh4b55+EU/adAjf1fMHhE=
github.com/jinzhu/inflection v1.0.0 h1:K317FqzuhWc8YvSVlFMCCUb36O/S9MCKRDI7QkRKD/E=
github.com/jinzhu/inflection v1.0.0/go.mod h1:h+uFLlag+Qp1Va5pdKtLDYj+kHp5pxUVkryuEj+Srlc=
github.com/jinzhu/now v1.1.4 h1:tHnRBy1i5F2Dh8BAFxqFzxKqqvezXrL2OW1TnX+Mlas=
github.com/jinzhu/now v1.1.4/go.mod h1:d3SSVoowX0Lcu0IBviAWJpolVfI5UJVZZ7cO71lE/z8=
github.com/joho/godotenv v1.4.0 h1:3l4+N6zfMWnkbPEXKng2o2/MR5mSwTrBih4ZEkkz1lg=
github.com/joho/godotenv v1.4.0/go.mod h1:f4LDr5Voq0i2e/R5DDNOoa2zzDfwtkZa6DnEwAbqwq4=
github.com/millkhan/mcstatusgo/v2 v2.2.0 h1:uRyHiOvqlK+6Oz3za4hMWAktSLjaqD/QzyQCcX2DjzI=
github.com/millkhan/mcstatusgo/v2 v2.2.0/go.mod h1:YUJHhrJzsQP4PoDXFo++7JzPU7TjdztFM519CPqKe5M=
github.com/nicksnyder/go-i18n/v2 v2.2.0 h1:MNXbyPvd141JJqlU6gJKrczThxJy+kdCNivxZpBQFkw=
github.com/nicksnyder/go-i18n/v2 v2.2.0/go.mod h1:4OtLfzqyAxsscyCb//3gfqSvBc81gImX91LrZzczN1o=
golang.org/x/crypto v0.0.0-20210421170649-83a5a9bb288b/go.mod h1:T9bdIzuCu7OtxOm1hfPfRQxPLYneinmdGuTeoZ9dtd4=
golang.org/x/crypto v0.1.0 h1:MDRAIl0xIo9Io2xV565hzXHw3zVseKrJKodhohM5CjU=
golang.org/x/crypto v0.1.0/go.mod h1:RecgLatLF4+eUMCP1PoPZQb+cVrJcOPbHkTkbkB9sbw=
golang.org/x/net v0.0.0-20210226172049-e18ecbb05110/go.mod h1:m0MpNAwzfU5UDzcl9v0D8zg8gWTRqZa9RBIspLL5mdg=
golang.org/x/sys v0.0.0-20201119102817-f84b799fce68/go.mod h1:h1NjWce9XRLGQEsW7wpKNCjG9DtNlClVuFLEZdDNbEs=
golang.org/x/sys v0.1.0 h1:kunALQeHf1/185U1i0GOB/fy1IPRDDpuoOOqRReG57U=
golang.org/x/sys v0.1.0/go.mod h1:oPkhp1MJrh7nUepCBck5+mAzfO9JrbApNNgaTdGDITg=
golang.org/x/term v0.0.0-20201126162022-7de9c90e9dd1/go.mod h1:bj7SfCRtBDWHUb9snDiAeCFNEtKQo2Wmx5Cou7ajbmo=
golang.org/x/text v0.3.3/go.mod h1:5Zoc/QRtKVWzQhOtBMvqHzDpF6irO9z98xDceosuGiQ=
golang.org/x/text v0.3.7/go.mod h1:u+2+/6zg+i71rQMx5EYifcz6MCKuco9NR6JIITiCfzQ=
golang.org/x/text v0.4.0 h1:BrVqGRd7+k1DiOgtnFvAkoQEWQvBc25ouMJM6429SFg=
golang.org/x/text v0.4.0/go.mod h1:mrYo+phRRbMaCq/xk9113O4dZlRixOauAjOtrjsXDZ8=
golang.org/x/tools v0.0.0-20180917221912-90fa682c2a6e/go.mod h1:n7NCudcB/nEzxVGmLbDWY5pfWTLqBcC2KZ6jyYvM4mQ=
gopkg.in/check.v1 v0.0.0-20161208181325-20d25e280405/go.mod h1:Co6ibVJAznAaIkqp8huTwlJQCZ016jof/cbN4VW5Yz0=
gopkg.in/yaml.v2 v2.3.0 h1:clyUAQHOM3G0M3f5vQj7LuJrETvjVot3Z5el9nffUtU=
gopkg.in/yaml.v2 v2.3.0/go.mod h1:hI93XBmqTisBFMUTm0b8Fm+jr3Dg1NNxqwp+5A1VGuI=
gorm.io/gorm v1.24.1 h1:CgvzRniUdG67hBAzsxDGOAuq4Te1osVMYsa1eQbd4fs=
gorm.io/gorm v1.24.1/go.mod h1:DVrVomtaYTbqs7gB/x2uVvqnXzv0nqjB396B8cG4dBA=
